
Microsoft Visual Studio Solution File, Format Version 12.00
# Visual Studio Version 17
VisualStudioVersion = 17.11.35219.272
MinimumVisualStudioVersion = 10.0.40219.1
Project("{FAE04EC0-301F-11D3-BF4B-00C04F79EFBC}") = "OneHostReactApp.Server", "OneHostReactApp.Server\OneHostReactApp.Server.csproj", "{1B3ACC74-A6C6-4DAF-9CAA-84AA363380F4}"
EndProject
Project("{54A90642-561A-4BB1-A94E-469ADEE60C69}") = "onehostreactapp.client", "onehostreactapp.client\onehostreactapp.client.esproj", "{D4EA4323-B9AA-4C54-93AE-CD46E65EACB8}"
EndProject
Global
	GlobalSection(SolutionConfigurationPlatforms) = preSolution
		Debug|Any CPU = Debug|Any CPU
		Release|Any CPU = Release|Any CPU
	EndGlobalSection
	GlobalSection(ProjectConfigurationPlatforms) = postSolution
		{1B3ACC74-A6C6-4DAF-9CAA-84AA363380F4}.Debug|Any CPU.ActiveCfg = Debug|Any CPU
		{1B3ACC74-A6C6-4DAF-9CAA-84AA363380F4}.Debug|Any CPU.Build.0 = Debug|Any CPU
		{1B3ACC74-A6C6-4DAF-9CAA-84AA363380F4}.Release|Any CPU.ActiveCfg = Release|Any CPU
		{1B3ACC74-A6C6-4DAF-9CAA-84AA363380F4}.Release|Any CPU.Build.0 = Release|Any CPU
		{D4EA4323-B9AA-4C54-93AE-CD46E65EACB8}.Debug|Any CPU.ActiveCfg = Debug|Any CPU
		{D4EA4323-B9AA-4C54-93AE-CD46E65EACB8}.Debug|Any CPU.Build.0 = Debug|Any CPU
		{D4EA4323-B9AA-4C54-93AE-CD46E65EACB8}.Debug|Any CPU.Deploy.0 = Debug|Any CPU
		{D4EA4323-B9AA-4C54-93AE-CD46E65EACB8}.Release|Any CPU.ActiveCfg = Release|Any CPU
		{D4EA4323-B9AA-4C54-93AE-CD46E65EACB8}.Release|Any CPU.Build.0 = Release|Any CPU
		{D4EA4323-B9AA-4C54-93AE-CD46E65EACB8}.Release|Any CPU.Deploy.0 = Release|Any CPU
	EndGlobalSection
	GlobalSection(SolutionProperties) = preSolution
		HideSolutionNode = FALSE
	EndGlobalSection
	GlobalSection(ExtensibilityGlobals) = postSolution
		SolutionGuid = {E4BA92BA-913A-455B-828C-15FBE8066651}
	EndGlobalSection
EndGlobal
